<?xml version="1.0" encoding="utf-8"?>
<Project ToolsVersion="4.0" xmlns="http://schemas.microsoft.com/developer/msbuild/2003">
  <ItemGroup>
    <Filter Include="Utils">
      <UniqueIdentifier>{07190aa8-1324-4639-bf81-433e7e90acd3}</UniqueIdentifier>
    </Filter>
    <Filter Include="Tracer">
      <UniqueIdentifier>{907ca56d-eb7d-4f08-82c2-90099ddacbfa}</UniqueIdentifier>
    </Filter>
  </ItemGroup>
  <ItemGroup>
    <ClInclude Include="CaptureStream.h">
      <Filter>Utils</Filter>
    </ClInclude>
    <ClInclude Include="VSOutputDebugStreamBufW.h">
      <Filter>Utils</Filter>
    </ClInclude>
    <ClInclude Include="pch.h" />
    <ClInclude Include="Log.h">
      <Filter>Tracer</Filter>
    </ClInclude>
    <ClInclude Include="LogImpl.h">
      <Filter>Tracer</Filter>
    </ClInclude>
  </ItemGroup>
  <ItemGroup>
    <ClCompile Include="pch.cpp" />
    <ClCompile Include="LogImpl.cpp">
      <Filter>Tracer</Filter>
    </ClCompile>
  </ItemGroup>
</Project>