
Microsoft Visual Studio Solution File, Format Version 12.00
# Visual Studio 15
VisualStudioVersion = 15.0.26730.16
MinimumVisualStudioVersion = 10.0.40219.1
Project("{8BC9CEB8-8B4A-11D0-8D11-00A0C91BC942}") = "Tracer.UWP", "UWP\Tracer.UWP.vcxproj", "{FE196C6B-B88B-4F41-A47B-527683232E36}"
EndProject
Project("{8BC9CEB8-8B4A-11D0-8D11-00A0C91BC942}") = "Tracer.Win32", "Win32\Tracer.Win32.vcxproj", "{3535F251-7919-4104-B9AE-EDF7038B2D08}"
EndProject
Project("{8BC9CEB8-8B4A-11D0-8D11-00A0C91BC942}") = "Tracer.Core", "Core\Tracer.Core.vcxitems", "{688D3482-0C2B-4402-987D-5700126F02A9}"
EndProject
Project("{8BC9CEB8-8B4A-11D0-8D11-00A0C91BC942}") = "Tracer.Test", "Test\Tracer.Test.vcxproj", "{FC4BD7BB-0A1B-4B4B-B5CB-E14890D3AC8B}"
EndProject
Global
	GlobalSection(SharedMSBuildProjectFiles) = preSolution
		Core\Tracer.Core.vcxitems*{3535f251-7919-4104-b9ae-edf7038b2d08}*SharedItemsImports = 4
		Core\Tracer.Core.vcxitems*{688d3482-0c2b-4402-987d-5700126f02a9}*SharedItemsImports = 9
		Core\Tracer.Core.vcxitems*{fe196c6b-b88b-4f41-a47b-527683232e36}*SharedItemsImports = 4
	EndGlobalSection
	GlobalSection(SolutionConfigurationPlatforms) = preSolution
		Debug|ARM = Debug|ARM
		Debug|x64 = Debug|x64
		Debug|x86 = Debug|x86
		Release|ARM = Release|ARM
		Release|x64 = Release|x64
		Release|x86 = Release|x86
	EndGlobalSection
	GlobalSection(ProjectConfigurationPlatforms) = postSolution
		{FE196C6B-B88B-4F41-A47B-527683232E36}.Debug|ARM.ActiveCfg = Debug|ARM
		{FE196C6B-B88B-4F41-A47B-527683232E36}.Debug|ARM.Build.0 = Debug|ARM
		{FE196C6B-B88B-4F41-A47B-527683232E36}.Debug|x64.ActiveCfg = Debug|x64
		{FE196C6B-B88B-4F41-A47B-527683232E36}.Debug|x64.Build.0 = Debug|x64
		{FE196C6B-B88B-4F41-A47B-527683232E36}.Debug|x86.ActiveCfg = Debug|Win32
		{FE196C6B-B88B-4F41-A47B-527683232E36}.Debug|x86.Build.0 = Debug|Win32
		{FE196C6B-B88B-4F41-A47B-527683232E36}.Release|ARM.ActiveCfg = Release|ARM
		{FE196C6B-B88B-4F41-A47B-527683232E36}.Release|ARM.Build.0 = Release|ARM
		{FE196C6B-B88B-4F41-A47B-527683232E36}.Release|x64.ActiveCfg = Release|x64
		{FE196C6B-B88B-4F41-A47B-527683232E36}.Release|x64.Build.0 = Release|x64
		{FE196C6B-B88B-4F41-A47B-527683232E36}.Release|x86.ActiveCfg = Release|Win32
		{FE196C6B-B88B-4F41-A47B-527683232E36}.Release|x86.Build.0 = Release|Win32
		{3535F251-7919-4104-B9AE-EDF7038B2D08}.Debug|ARM.ActiveCfg = Debug|ARM
		{3535F251-7919-4104-B9AE-EDF7038B2D08}.Debug|ARM.Build.0 = Debug|ARM
		{3535F251-7919-4104-B9AE-EDF7038B2D08}.Debug|x64.ActiveCfg = Debug|x64
		{3535F251-7919-4104-B9AE-EDF7038B2D08}.Debug|x64.Build.0 = Debug|x64
		{3535F251-7919-4104-B9AE-EDF7038B2D08}.Debug|x86.ActiveCfg = Debug|Win32
		{3535F251-7919-4104-B9AE-EDF7038B2D08}.Debug|x86.Build.0 = Debug|Win32
		{3535F251-7919-4104-B9AE-EDF7038B2D08}.Release|ARM.ActiveCfg = Release|ARM
		{3535F251-7919-4104-B9AE-EDF7038B2D08}.Release|ARM.Build.0 = Release|ARM
		{3535F251-7919-4104-B9AE-EDF7038B2D08}.Release|x64.ActiveCfg = Release|x64
		{3535F251-7919-4104-B9AE-EDF7038B2D08}.Release|x64.Build.0 = Release|x64
		{3535F251-7919-4104-B9AE-EDF7038B2D08}.Release|x86.ActiveCfg = Release|Win32
		{3535F251-7919-4104-B9AE-EDF7038B2D08}.Release|x86.Build.0 = Release|Win32
		{FC4BD7BB-0A1B-4B4B-B5CB-E14890D3AC8B}.Debug|ARM.ActiveCfg = Debug|ARM
		{FC4BD7BB-0A1B-4B4B-B5CB-E14890D3AC8B}.Debug|ARM.Build.0 = Debug|ARM
		{FC4BD7BB-0A1B-4B4B-B5CB-E14890D3AC8B}.Debug|x64.ActiveCfg = Debug|x64
		{FC4BD7BB-0A1B-4B4B-B5CB-E14890D3AC8B}.Debug|x64.Build.0 = Debug|x64
		{FC4BD7BB-0A1B-4B4B-B5CB-E14890D3AC8B}.Debug|x86.ActiveCfg = Debug|Win32
		{FC4BD7BB-0A1B-4B4B-B5CB-E14890D3AC8B}.Debug|x86.Build.0 = Debug|Win32
		{FC4BD7BB-0A1B-4B4B-B5CB-E14890D3AC8B}.Release|ARM.ActiveCfg = Release|ARM
		{FC4BD7BB-0A1B-4B4B-B5CB-E14890D3AC8B}.Release|ARM.Build.0 = Release|ARM
		{FC4BD7BB-0A1B-4B4B-B5CB-E14890D3AC8B}.Release|x64.ActiveCfg = Release|x64
		{FC4BD7BB-0A1B-4B4B-B5CB-E14890D3AC8B}.Release|x64.Build.0 = Release|x64
		{FC4BD7BB-0A1B-4B4B-B5CB-E14890D3AC8B}.Release|x86.ActiveCfg = Release|Win32
		{FC4BD7BB-0A1B-4B4B-B5CB-E14890D3AC8B}.Release|x86.Build.0 = Release|Win32
	EndGlobalSection
	GlobalSection(SolutionProperties) = preSolution
		HideSolutionNode = FALSE
	EndGlobalSection
	GlobalSection(ExtensibilityGlobals) = postSolution
		SolutionGuid = {C9BB8FB1-A6B2-4C0F-8BDE-174DCC9FE901}
	EndGlobalSection
EndGlobal
